
Microsoft Visual Studio Solution File, Format Version 12.00
# Visual Studio 15
Project("{FAE04EC0-301F-11D3-BF4B-00C04F79EFBC}") = "DateTimeConsole", "DateTimeConsole\DateTimeConsole.csproj", "{333D3AFA-7D5F-4583-A423-FD1914F365EC}"
EndProject
Project("{FAE04EC0-301F-11D3-BF4B-00C04F79EFBC}") = "MyList", "MyList\MyList.csproj", "{5B4A074B-AF5C-431D-9A63-40B6B4956E1F}"
EndProject
Global
	GlobalSection(SolutionConfigurationPlatforms) = preSolution
		Debug|Any CPU = Debug|Any CPU
		Release|Any CPU = Release|Any CPU
	EndGlobalSection
	GlobalSection(ProjectConfigurationPlatforms) = postSolution
		{333D3AFA-7D5F-4583-A423-FD1914F365EC}.Debug|Any CPU.ActiveCfg = Debug|Any CPU
		{333D3AFA-7D5F-4583-A423-FD1914F365EC}.Debug|Any CPU.Build.0 = Debug|Any CPU
		{333D3AFA-7D5F-4583-A423-FD1914F365EC}.Release|Any CPU.ActiveCfg = Release|Any CPU
		{333D3AFA-7D5F-4583-A423-FD1914F365EC}.Release|Any CPU.Build.0 = Release|Any CPU
		{5B4A074B-AF5C-431D-9A63-40B6B4956E1F}.Debug|Any CPU.ActiveCfg = Debug|Any CPU
		{5B4A074B-AF5C-431D-9A63-40B6B4956E1F}.Debug|Any CPU.Build.0 = Debug|Any CPU
		{5B4A074B-AF5C-431D-9A63-40B6B4956E1F}.Release|Any CPU.ActiveCfg = Release|Any CPU
		{5B4A074B-AF5C-431D-9A63-40B6B4956E1F}.Release|Any CPU.Build.0 = Release|Any CPU
	EndGlobalSection
EndGlobal
